
Microsoft Visual Studio Solution File, Format Version 12.00
# Visual Studio 2013
VisualStudioVersion = 12.0.21005.1
MinimumVisualStudioVersion = 10.0.40219.1
Project("{8BC9CEB8-8B4A-11D0-8D11-00A0C91BC942}") = "PhysicsProject", "PhysicsProject\PhysicsProject.vcxproj", "{44316068-083C-46DF-9093-A766B56B6BDB}"
EndProject
Project("{8BC9CEB8-8B4A-11D0-8D11-00A0C91BC942}") = "UnitTesting_PhysicsProject", "UnitTesting_PhysicsProject\UnitTesting_PhysicsProject.vcxproj", "{28A19584-174C-41AF-81AA-6BFA8C930E06}"
EndProject
Global
	GlobalSection(SolutionConfigurationPlatforms) = preSolution
		Debug|Win32 = Debug|Win32
		Release|Win32 = Release|Win32
	EndGlobalSection
	GlobalSection(ProjectConfigurationPlatforms) = postSolution
		{44316068-083C-46DF-9093-A766B56B6BDB}.Debug|Win32.ActiveCfg = Debug|Win32
		{44316068-083C-46DF-9093-A766B56B6BDB}.Debug|Win32.Build.0 = Debug|Win32
		{44316068-083C-46DF-9093-A766B56B6BDB}.Release|Win32.ActiveCfg = Release|Win32
		{44316068-083C-46DF-9093-A766B56B6BDB}.Release|Win32.Build.0 = Release|Win32
		{28A19584-174C-41AF-81AA-6BFA8C930E06}.Debug|Win32.ActiveCfg = Debug|Win32
		{28A19584-174C-41AF-81AA-6BFA8C930E06}.Debug|Win32.Build.0 = Debug|Win32
		{28A19584-174C-41AF-81AA-6BFA8C930E06}.Release|Win32.ActiveCfg = Release|Win32
		{28A19584-174C-41AF-81AA-6BFA8C930E06}.Release|Win32.Build.0 = Release|Win32
	EndGlobalSection
	GlobalSection(SolutionProperties) = preSolution
		HideSolutionNode = FALSE
	EndGlobalSection
EndGlobal
